{
  "name": "movie-demo",
  "version": "1.0.0",
  "lockfileVersion": 3,
  "requires": true,
  "packages": {
    "": {
      "name": "movie-demo",
      "version": "1.0.0",
      "license": "MIT",
      "dependencies": {
        "movie-library": "file:../movie-library"
      }
    },
    "../movie-library": {
      "version": "1.0.0",
      "license": "MIT"
    },
    "node_modules/movie-library": {
      "resolved": "../movie-library",
      "link": true
    }
  }
}
